# THIS IS AN AUTOGENERATED FILE. DO NOT EDIT THIS FILE DIRECTLY.
# yarn lockfile v1


"@externs/preact@^1.3.1":
  version "1.3.1"
  resolved "https://registry.yarnpkg.com/@externs/preact/-/preact-1.3.1.tgz#d97745283c30834b569399be0d85286ab7f02d80"
  integrity sha512-B6QUjtgqPCzKWpLdZ8YCCPQv2/iECNJ/JBHVy76cWWN/JPOP+HhOGxWRiEo5f1xg0A1ouf0Ca4cLfqX34W+rbQ==

"@idio/idio@^1.4.1":
  version "1.4.1"
  resolved "https://registry.yarnpkg.com/@idio/idio/-/idio-1.4.1.tgz#1788e6c5bf0a321e2c92fa9e3fd52b28382730a6"
  integrity sha512-PyGuIfitWgVjiWJMYV6N/s5/4+dAfRQdErs5NY0oAYCK5vtSrulEF4EjmW9GyI87imIC25f05vv8zGO0plB3Gw==
  dependencies:
    mime-db "^1.43.0"
    text-decoding "^1.0.0"

"@idio/websocket@^1.1.1":
  version "1.1.1"
  resolved "https://registry.yarnpkg.com/@idio/websocket/-/websocket-1.1.1.tgz#61198fa435a7e9d9928ce0d83ec9485a877c3ba6"
  integrity sha512-v4XA6C2pgKIOsgcW8zdjTvoAXOh+RtDRuSvyv0BySwxnEdfBWgN8iBFRUnN1DcJqg0DCFJZleyXrFPjLgJ3aIg==

"@lemuria/absolute-proxy@^1.0.2":
  version "1.0.2"
  resolved "https://registry.yarnpkg.com/@lemuria/absolute-proxy/-/absolute-proxy-1.0.2.tgz#e75d499398d883d96683320ed638955deb45635f"
  integrity sha512-fBG7iYvUau85Fe4aaWosnpo4re9hNMGZVCoXIox2OBfSjR4akzJk9OyNR97X+cd1w2S94as+aHr+l70kM/vaqg==

"@lemuria/font@^1.0.4":
  version "1.0.4"
  resolved "https://registry.yarnpkg.com/@lemuria/font/-/font-1.0.4.tgz#03b3c1e90b1f7beb4e981220b28fd2848a090150"
  integrity sha512-jVNgVlEdoIt30vnSOh3Oh9ye3W/WDT5gACRJ8vN03ewQOEsHD25N09UQTiZuVl02+ZW6XDNCiTUni4WlvyIZug==

"@lemuria/load-scripts@^1.2.0":
  version "1.2.0"
  resolved "https://registry.yarnpkg.com/@lemuria/load-scripts/-/load-scripts-1.2.0.tgz#3e9cc72ce00beca90c10882fe379a7a18f13a544"
  integrity sha512-DW2UrTgcBPMutFm4Tkr/OeN8iaLse17A+o/tnet72pxTRVe32esjwnpbW3Xe5mUJcRG3PmVZT9J1B3Fdj4RcFg==

"@lemuria/popup@^1.1.1":
  version "1.1.1"
  resolved "https://registry.yarnpkg.com/@lemuria/popup/-/popup-1.1.1.tgz#95fe588e83648450d140dccd333c77aff8b5c01c"
  integrity sha512-biZJo/R63BDV47xhGxwIMPSj05S1Ekv9o5EZyTyd6fTQ9rQv3y1VIPCWEZdXNwZPNpzfO8KMeAy6FOtK3cwRIQ==

"@zoroaster/assert@^1.0.2":
  version "1.0.2"
  resolved "https://registry.yarnpkg.com/@zoroaster/assert/-/assert-1.0.2.tgz#8ffe2ebb10c81d570d4965080f942af688321a1f"
  integrity sha512-5C0LDzW8DkiSSCLyYO9ux3R5ru65yEn/GtxH1wh7ukRhLAZ/Svx4+A81YvciXcn35B2VmvCqyiTrhNdxdgusSw==

"@zoroaster/mask@^2.5.0":
  version "2.6.1"
  resolved "https://registry.yarnpkg.com/@zoroaster/mask/-/mask-2.6.1.tgz#bbb2c2a43e126e1fcb5de0a0c37192f1f7cc426e"
  integrity sha512-KTHuxgzt8cQCs53H/EEWc3MaPVNyZXrcTYGLY7soiIBJiAsTpBJezCEsWn14Qhrf0UTVGI6EDE0SYQS9hfSjVg==

alamode@^3.3.3, alamode@^3.5.2:
  version "3.5.2"
  resolved "https://registry.yarnpkg.com/alamode/-/alamode-3.5.2.tgz#0d6fd9a4bbfaf3ecc488d636264c480a825e9bd4"
  integrity sha512-lKEFyLAYj6I6WURR7YYaclGpQNPwCoPYkbYZSl5vka9n15cfZlSbPkrzivB6F6IXEkAtt7jGAl60V3qyPTEwdQ==

clipboard@^2.0.0:
  version "2.0.4"
  resolved "https://registry.yarnpkg.com/clipboard/-/clipboard-2.0.4.tgz#836dafd66cf0fea5d71ce5d5b0bf6e958009112d"
  integrity sha512-Vw26VSLRpJfBofiVaFb/I8PVfdI1OxKcYShe6fm0sP/DtmiWQNCjhM/okTvdCo0G+lMMm1rMYbk4IK4x1X+kgQ==
  dependencies:
    good-listener "^1.2.2"
    select "^1.1.2"
    tiny-emitter "^2.0.0"

delegate@^3.1.2:
  version "3.2.0"
  resolved "https://registry.yarnpkg.com/delegate/-/delegate-3.2.0.tgz#b66b71c3158522e8ab5744f720d8ca0c2af59166"
  integrity sha512-IofjkYBZaZivn0V8nnsMJGBr4jVLxHDheKSW88PyxS5QC4Vo9ZbZVvhzlSxY87fVq3STR6r+4cGepyHkcWOQSw==

documentary@^1.37.1:
  version "1.37.1"
  resolved "https://registry.yarnpkg.com/documentary/-/documentary-1.37.1.tgz#8ba6cb8094d0da4d5d70ffab3e1e9d4066d0a592"
  integrity sha512-UfmvSwHtWKe7I9NKPpvylLQNEvwUXGS/nKSfNJr1BYcNZRJ78xoNCcLhfLHSwZ3pdNTffDOSmLwfl/4nsTbYRA==
  dependencies:
    alamode "^3.5.2"
    preact "8.5.3"
    typal "^1.26.2"

good-listener@^1.2.2:
  version "1.2.2"
  resolved "https://registry.yarnpkg.com/good-listener/-/good-listener-1.2.2.tgz#d53b30cdf9313dffb7dc9a0d477096aa6d145c50"
  integrity sha1-1TswzfkxPf+33JoNR3CWqm0UXFA=
  dependencies:
    delegate "^3.1.2"

highlight.js@^9.18.1:
  version "9.18.5"
  resolved "https://registry.yarnpkg.com/highlight.js/-/highlight.js-9.18.5.tgz#d18a359867f378c138d6819edfc2a8acd5f29825"
  integrity sha512-a5bFyofd/BHCX52/8i8uJkjr9DYwXIPnM/plwI6W7ezItLGqzt7X2G2nXuYSfsIJdkwwj/g9DG1LkcGJI/dDoA==

mime-db@^1.43.0:
  version "1.43.0"
  resolved "https://registry.yarnpkg.com/mime-db/-/mime-db-1.43.0.tgz#0a12e0502650e473d735535050e7c8f4eb4fae58"
  integrity sha512-+5dsGEEovYbT8UY9yD7eE4XTc4UwJ1jBYlgaQQF38ENsKR3wj/8q8RFZrF9WIZpB2V1ArTVFUva8sAul1NzRzQ==

preact@8.5.3:
  version "8.5.3"
  resolved "https://registry.yarnpkg.com/preact/-/preact-8.5.3.tgz#78c2a5562fcecb1fed1d0055fa4ac1e27bde17c1"
  integrity sha512-O3kKP+1YdgqHOFsZF2a9JVdtqD+RPzCQc3rP+Ualf7V6rmRDchZ9MJbiGTT7LuyqFKZqlHSOyO/oMFmI2lVTsw==

prismjs@1.19.0:
  version "1.19.0"
  resolved "https://registry.yarnpkg.com/prismjs/-/prismjs-1.19.0.tgz#713afbd45c3baca4b321569f2df39e17e729d4dc"
  integrity sha512-IVFtbW9mCWm9eOIaEkNyo2Vl4NnEifis2GQ7/MLRG5TQe6t+4Sj9J5QWI9i3v+SS43uZBlCAOn+zYTVYQcPXJw==
  optionalDependencies:
    clipboard "^2.0.0"

select@^1.1.2:
  version "1.1.2"
  resolved "https://registry.yarnpkg.com/select/-/select-1.1.2.tgz#0e7350acdec80b1108528786ec1d4418d11b396d"
  integrity sha1-DnNQrN7ICxEIUoeG7B1EGNEbOW0=

splendid@^1.17.3:
  version "1.17.3"
  resolved "https://registry.yarnpkg.com/splendid/-/splendid-1.17.3.tgz#b17d0c6206bd14ce4dc7db87b848d9d0e559de4a"
  integrity sha512-MoP9jKHqkMj85TqyQ3WqK659tZmPMtOzyT2oB7MCBw09esdTiq87xiPZUAcR2jObCoBSLKdwsDzHwpvpfuHBgA==
  dependencies:
    "@externs/preact" "^1.3.1"
    "@idio/idio" "^1.4.1"
    "@idio/websocket" "^1.1.1"
    "@lemuria/absolute-proxy" "^1.0.2"
    "@lemuria/font" "^1.0.4"
    "@lemuria/load-scripts" "^1.2.0"
    "@lemuria/popup" "^1.1.1"
    alamode "^3.5.2"
    highlight.js "^9.18.1"
    preact "8.5.3"
    prismjs "1.19.0"

text-decoding@^1.0.0:
  version "1.0.0"
  resolved "https://registry.yarnpkg.com/text-decoding/-/text-decoding-1.0.0.tgz#38a5692d23b5c2b12942d6e245599cb58b1bc52f"
  integrity sha512-/0TJD42KDnVwKmDK6jj3xP7E2MG7SHAOG4tyTgyUCRPdHwvkquYNLEQltmdMa3owq3TkddCVcTsoctJI8VQNKA==

tiny-emitter@^2.0.0:
  version "2.1.0"
  resolved "https://registry.yarnpkg.com/tiny-emitter/-/tiny-emitter-2.1.0.tgz#1d1a56edfc51c43e863cbb5382a72330e3555423"
  integrity sha512-NB6Dk1A9xgQPMoGqC5CVXn123gWyte215ONT5Pp5a0yt4nlEoO1ZWeCwpncaekPHXO60i47ihFnZPiRPjRMq4Q==

typal@^1.26.2:
  version "1.26.2"
  resolved "https://registry.yarnpkg.com/typal/-/typal-1.26.2.tgz#081ae64710cdb2ccb593280a874372f945182c7f"
  integrity sha512-ljiVBveC6U4a83g0NBGW2JaYHT7bsUitxYtaznQAHppGgG8XScx4oZjd6zaqv0QpfOb6MMmqrMLGuGG2xl/xgw==

zoroaster@^4.3.0:
  version "4.3.0"
  resolved "https://registry.yarnpkg.com/zoroaster/-/zoroaster-4.3.0.tgz#fd234d249471cb3100fc71e92d6d275ed3059c11"
  integrity sha512-OGZuacxTM6TT8n/wCcDTO7p8mAioBxztTofXqh6ck2tJ3UNFdlKN1UYwU2V6go+v4/tH8jZE1jf+sIMFrH4RkA==
  dependencies:
    "@zoroaster/assert" "^1.0.2"
    "@zoroaster/mask" "^2.5.0"
    alamode "^3.3.3"
